
Microsoft Visual Studio Solution File, Format Version 12.00
# Visual Studio Version 17
VisualStudioVersion = 17.5.33530.505
MinimumVisualStudioVersion = 10.0.40219.1
Project("{8BC9CEB8-8B4A-11D0-8D11-00A0C91BC942}") = "lab2", "lab2\lab2.vcxproj", "{6940B198-20AC-4627-8A69-4FBB2AD055A4}"
EndProject
Global
	GlobalSection(SolutionConfigurationPlatforms) = preSolution
		Debug|x64 = Debug|x64
		Debug|x86 = Debug|x86
		Release|x64 = Release|x64
		Release|x86 = Release|x86
	EndGlobalSection
	GlobalSection(ProjectConfigurationPlatforms) = postSolution
		{6940B198-20AC-4627-8A69-4FBB2AD055A4}.Debug|x64.ActiveCfg = Debug|x64
		{6940B198-20AC-4627-8A69-4FBB2AD055A4}.Debug|x64.Build.0 = Debug|x64
		{6940B198-20AC-4627-8A69-4FBB2AD055A4}.Debug|x86.ActiveCfg = Debug|Win32
		{6940B198-20AC-4627-8A69-4FBB2AD055A4}.Debug|x86.Build.0 = Debug|Win32
		{6940B198-20AC-4627-8A69-4FBB2AD055A4}.Release|x64.ActiveCfg = Release|x64
		{6940B198-20AC-4627-8A69-4FBB2AD055A4}.Release|x64.Build.0 = Release|x64
		{6940B198-20AC-4627-8A69-4FBB2AD055A4}.Release|x86.ActiveCfg = Release|Win32
		{6940B198-20AC-4627-8A69-4FBB2AD055A4}.Release|x86.Build.0 = Release|Win32
	EndGlobalSection
	GlobalSection(SolutionProperties) = preSolution
		HideSolutionNode = FALSE
	EndGlobalSection
	GlobalSection(ExtensibilityGlobals) = postSolution
		SolutionGuid = {D54638AD-FFD7-4AB3-AB9C-8004068EC3AC}
	EndGlobalSection
EndGlobal
